
Microsoft Visual Studio Solution File, Format Version 12.00
# Visual Studio 15
VisualStudioVersion = 15.0.28010.2026
MinimumVisualStudioVersion = 10.0.40219.1
Project("{FAE04EC0-301F-11D3-BF4B-00C04F79EFBC}") = "AirshipsModMaker", "AirshipsModMaker\AirshipsModMaker.csproj", "{E2295B63-447E-4AE1-B849-32C3938A24C4}"
EndProject
Global
	GlobalSection(SolutionConfigurationPlatforms) = preSolution
		Debug|Any CPU = Debug|Any CPU
		Release|Any CPU = Release|Any CPU
		Safe|Any CPU = Safe|Any CPU
	EndGlobalSection
	GlobalSection(ProjectConfigurationPlatforms) = postSolution
		{E2295B63-447E-4AE1-B849-32C3938A24C4}.Debug|Any CPU.ActiveCfg = Debug|Any CPU
		{E2295B63-447E-4AE1-B849-32C3938A24C4}.Debug|Any CPU.Build.0 = Debug|Any CPU
		{E2295B63-447E-4AE1-B849-32C3938A24C4}.Release|Any CPU.ActiveCfg = Release|Any CPU
		{E2295B63-447E-4AE1-B849-32C3938A24C4}.Release|Any CPU.Build.0 = Release|Any CPU
		{E2295B63-447E-4AE1-B849-32C3938A24C4}.Safe|Any CPU.ActiveCfg = SaveMode|Any CPU
		{E2295B63-447E-4AE1-B849-32C3938A24C4}.Safe|Any CPU.Build.0 = SaveMode|Any CPU
	EndGlobalSection
	GlobalSection(SolutionProperties) = preSolution
		HideSolutionNode = FALSE
	EndGlobalSection
	GlobalSection(ExtensibilityGlobals) = postSolution
		SolutionGuid = {88E846B5-E43E-4E78-9A4B-A6D63CEFA3EC}
	EndGlobalSection
EndGlobal
